lockfileVersion: '9.0'

settings:
  autoInstallPeers: true
  excludeLinksFromLockfile: false

importers:

  .:
    dependencies:
      '@hono/swagger-ui':
        specifier: ^0.5.1
        version: 0.5.1(hono@4.7.10)
      '@hono/zod-openapi':
        specifier: ^0.19.7
        version: 0.19.7(hono@4.7.10)(zod@3.25.35)
      '@hono/zod-validator':
        specifier: ^0.6.0
        version: 0.6.0(hono@4.7.10)(zod@3.25.35)
      bcryptjs:
        specifier: ^3.0.2
        version: 3.0.2
      hono:
        specifier: ^4.7.10
        version: 4.7.10
      zod:
        specifier: ^3.25.35
        version: 3.25.35
    devDependencies:
      '@types/node':
        specifier: ^22.15.24
        version: 22.15.24
      typescript:
        specifier: ^5.8.3
        version: 5.8.3

packages:

  '@asteasolutions/zod-to-openapi@7.3.2':
    resolution: {integrity: sha512-Wvl+jHwSgYrRc3tQLMG7Qxq6wn0WjDk8E9ZA0lAyW73FqK18XPHVIKpk0lA6L0S+zmzzNKTndeV2v/Or0LyfHQ==}
    peerDependencies:
      zod: ^3.20.2

  '@hono/swagger-ui@0.5.1':
    resolution: {integrity: sha512-XpUCfszLJ9b1rtFdzqOSHfdg9pfBiC2J5piEjuSanYpDDTIwpMz0ciiv5N3WWUaQpz9fEgH8lttQqL41vIFuDA==}
    peerDependencies:
      hono: '*'

  '@hono/zod-openapi@0.19.7':
    resolution: {integrity: sha512-S1IgblPPwx6yLYbrvLS0MJlvtmZpD6mDn0NqN+hYndoPUtDNqjNW/J7EmFAQu1Od8fYdIrwogcRL2rMANcULvA==}
    engines: {node: '>=16.0.0'}
    peerDependencies:
      hono: '>=4.3.6'
      zod: 3.*

  '@hono/zod-validator@0.6.0':
    resolution: {integrity: sha512-3aVk+cvuOE/9D6H2ugaG1kt14NT9rFyZzwRW6+aaPhMufMSiyKNvb/7pscZ/U302F8cTPD2TSTJiOUmx6TPqGg==}
    peerDependencies:
      hono: '>=3.9.0'
      zod: ^3.19.1

  '@types/node@22.15.24':
    resolution: {integrity: sha512-w9CZGm9RDjzTh/D+hFwlBJ3ziUaVw7oufKA3vOFSOZlzmW9AkZnfjPb+DLnrV6qtgL/LNmP0/2zBNCFHL3F0ng==}

  bcryptjs@3.0.2:
    resolution: {integrity: sha512-k38b3XOZKv60C4E2hVsXTolJWfkGRMbILBIe2IBITXciy5bOsTKot5kDrf3ZfufQtQOUN5mXceUEpU1rTl9Uog==}
    hasBin: true

  hono@4.7.10:
    resolution: {integrity: sha512-QkACju9MiN59CKSY5JsGZCYmPZkA6sIW6OFCUp7qDjZu6S6KHtJHhAc9Uy9mV9F8PJ1/HQ3ybZF2yjCa/73fvQ==}
    engines: {node: '>=16.9.0'}

  openapi3-ts@4.4.0:
    resolution: {integrity: sha512-9asTNB9IkKEzWMcHmVZE7Ts3kC9G7AFHfs8i7caD8HbI76gEjdkId4z/AkP83xdZsH7PLAnnbl47qZkXuxpArw==}

  typescript@5.8.3:
    resolution: {integrity: sha512-p1diW6TqL9L07nNxvRMM7hMMw4c5XOo/1ibL4aAIGmSAt9slTE1Xgw5KWuof2uTOvCg9BY7ZRi+GaF+7sfgPeQ==}
    engines: {node: '>=14.17'}
    hasBin: true

  undici-types@6.21.0:
    resolution: {integrity: sha512-iwDZqg0QAGrg9Rav5H4n0M64c3mkR59cJ6wQp+7C4nI0gsmExaedaYLNO44eT4AtBBwjbTiGPMlt2Md0T9H9JQ==}

  yaml@2.8.0:
    resolution: {integrity: sha512-4lLa/EcQCB0cJkyts+FpIRx5G/llPxfP6VQU5KByHEhLxY3IJCH0f0Hy1MHI8sClTvsIb8qwRJ6R/ZdlDJ/leQ==}
    engines: {node: '>= 14.6'}
    hasBin: true

  zod@3.25.35:
    resolution: {integrity: sha512-Fe0Tz/mSbIraMd1/RR1jbtPMsrzX/SNwCmEpRqB0xB2YBnoRfQqyu4aIqWKWrx9C2XjF4SY47IVIt30+RVGSsw==}

snapshots:

  '@asteasolutions/zod-to-openapi@7.3.2(zod@3.25.35)':
    dependencies:
      openapi3-ts: 4.4.0
      zod: 3.25.35

  '@hono/swagger-ui@0.5.1(hono@4.7.10)':
    dependencies:
      hono: 4.7.10

  '@hono/zod-openapi@0.19.7(hono@4.7.10)(zod@3.25.35)':
    dependencies:
      '@asteasolutions/zod-to-openapi': 7.3.2(zod@3.25.35)
      '@hono/zod-validator': 0.6.0(hono@4.7.10)(zod@3.25.35)
      hono: 4.7.10
      zod: 3.25.35

  '@hono/zod-validator@0.6.0(hono@4.7.10)(zod@3.25.35)':
    dependencies:
      hono: 4.7.10
      zod: 3.25.35

  '@types/node@22.15.24':
    dependencies:
      undici-types: 6.21.0

  bcryptjs@3.0.2: {}

  hono@4.7.10: {}

  openapi3-ts@4.4.0:
    dependencies:
      yaml: 2.8.0

  typescript@5.8.3: {}

  undici-types@6.21.0: {}

  yaml@2.8.0: {}

  zod@3.25.35: {}
